// !$*UTF8*$!
{
	archiveVersion = 1;
	classes = {
	};
	objectVersion = 77;
	objects = {

/* Begin PBXBuildFile section */
		EA77B0CE3048D18200404565 /* DependencyContainer in Frameworks */ = {isa = PBXBuildFile; productRef = EA77B0CF3048D18200404565 /* DependencyContainer */; };
		EA88C1DF4159E29311515676 /* LayoutsUI in Frameworks */ = {isa = PBXBuildFile; productRef = EA88C1E04159E29311515677 /* LayoutsUI */; };
/* End PBXBuildFile section */

/* Begin PBXContainerItemProxy section */
		EA014E783048AE0D0084AB89 /* PBXContainerItemProxy */ = {
			isa = PBXContainerItemProxy;
			containerPortal = EA014E623048AE0C0084AB89 /* Project object */;
			proxyType = 1;
			remoteGlobalIDString = EA014E693048AE0C0084AB89;
			remoteInfo = "Simple Bike Computer";
		};
		EA014E823048AE0D0084AB89 /* PBXContainerItemProxy */ = {
			isa = PBXContainerItemProxy;
			containerPortal = EA014E623048AE0C0084AB89 /* Project object */;
			proxyType = 1;
			remoteGlobalIDString = EA014E693048AE0C0084AB89;
			remoteInfo = "Simple Bike Computer";
		};
/* End PBXContainerItemProxy section */

/* Begin PBXFileReference section */
		EA014E6A3048AE0C0084AB89 /* SimpleBikeComputer.app */ = {isa = PBXFileReference; explicitFileType = wrapper.application; includeInIndex = 0; path = SimpleBikeComputer.app; sourceTree = BUILT_PRODUCTS_DIR; };
		EA014E773048AE0D0084AB89 /* SimpleBikeComputerTests.xctest */ = {isa = PBXFileReference; explicitFileType = wrapper.cfbundle; includeInIndex = 0; path = SimpleBikeComputerTests.xctest; sourceTree = BUILT_PRODUCTS_DIR; };
		EA014E813048AE0D0084AB89 /* SimpleBikeComputerUITests.xctest */ = {isa = PBXFileReference; explicitFileType = wrapper.cfbundle; includeInIndex = 0; path = SimpleBikeComputerUITests.xctest; sourceTree = BUILT_PRODUCTS_DIR; };
		EA77B0CD3048D18200404565 /* DependencyContainer */ = {isa = PBXFileReference; lastKnownFileType = wrapper; path = DependencyContainer; sourceTree = "<group>"; };
		EA88C1DE4159E29311515675 /* Layouts */ = {isa = PBXFileReference; lastKnownFileType = wrapper; path = Layouts; sourceTree = "<group>"; };
/* End PBXFileReference section */

/* Begin PBXFileSystemSynchronizedRootGroup section */
		EA014E6C3048AE0C0084AB89 /* SimpleBikeComputer */ = {
			isa = PBXFileSystemSynchronizedRootGroup;
			path = SimpleBikeComputer;
			sourceTree = "<group>";
		};
		EA014E7A3048AE0D0084AB89 /* SimpleBikeComputerTests */ = {
			isa = PBXFileSystemSynchronizedRootGroup;
			path = SimpleBikeComputerTests;
			sourceTree = "<group>";
		};
		EA014E843048AE0D0084AB89 /* SimpleBikeComputerUITests */ = {
			isa = PBXFileSystemSynchronizedRootGroup;
			path = SimpleBikeComputerUITests;
			sourceTree = "<group>";
		};
/* End PBXFileSystemSynchronizedRootGroup section */

/* Begin PBXFrameworksBuildPhase section */
		EA014E673048AE0C0084AB89 /* Frameworks */ = {
			isa = PBXFrameworksBuildPhase;
			buildActionMask = 2147483647;
			files = (
				EA77B0CE3048D18200404565 /* DependencyContainer in Frameworks */,
				EA88C1DF4159E29311515676 /* LayoutsUI in Frameworks */,
			);
			runOnlyForDeploymentPostprocessing = 0;
		};
		EA014E743048AE0D0084AB89 /* Frameworks */ = {
			isa = PBXFrameworksBuildPhase;
			buildActionMask = 2147483647;
			files = (
			);
			runOnlyForDeploymentPostprocessing = 0;
		};
		EA014E7E3048AE0D0084AB89 /* Frameworks */ = {
			isa = PBXFrameworksBuildPhase;
			buildActionMask = 2147483647;
			files = (
			);
			runOnlyForDeploymentPostprocessing = 0;
		};
/* End PBXFrameworksBuildPhase section */

/* Begin PBXGroup section */
		EA014E613048AE0C0084AB89 = {
			isa = PBXGroup;
			children = (
				EA77B0CC3048D18200404565 /* Packages */,
				EA014E6C3048AE0C0084AB89 /* SimpleBikeComputer */,
				EA014E7A3048AE0D0084AB89 /* SimpleBikeComputerTests */,
				EA014E843048AE0D0084AB89 /* SimpleBikeComputerUITests */,
				EA014E6B3048AE0C0084AB89 /* Products */,
			);
			sourceTree = "<group>";
		};
		EA014E6B3048AE0C0084AB89 /* Products */ = {
			isa = PBXGroup;
			children = (
				EA014E6A3048AE0C0084AB89 /* SimpleBikeComputer.app */,
				EA014E773048AE0D0084AB89 /* SimpleBikeComputerTests.xctest */,
				EA014E813048AE0D0084AB89 /* SimpleBikeComputerUITests.xctest */,
			);
			name = Products;
			sourceTree = "<group>";
		};
		EA77B0CC3048D18200404565 /* Packages */ = {
			isa = PBXGroup;
			children = (
				EA77B0CD3048D18200404565 /* DependencyContainer */,
				EA88C1DE4159E29311515675 /* Layouts */,
			);
			path = Packages;
			sourceTree = "<group>";
		};
/* End PBXGroup section */

/* Begin PBXNativeTarget section */
		EA014E693048AE0C0084AB89 /* SimpleBikeComputer */ = {
			isa = PBXNativeTarget;
			buildConfigurationList = EA014E8B3048AE0D0084AB89 /* Build configuration list for PBXNativeTarget "SimpleBikeComputer" */;
			buildPhases = (
				EA014E663048AE0C0084AB89 /* Sources */,
				EA014E673048AE0C0084AB89 /* Frameworks */,
				EA014E683048AE0C0084AB89 /* Resources */,
			);
			buildRules = (
			);
			dependencies = (
			);
			fileSystemSynchronizedGroups = (
				EA014E6C3048AE0C0084AB89 /* SimpleBikeComputer */,
			);
			name = SimpleBikeComputer;
			packageProductDependencies = (
				EA77B0CF3048D18200404565 /* DependencyContainer */,
				EA88C1E04159E29311515677 /* LayoutsUI */,
			);
			productName = "Simple Bike Computer";
			productReference = EA014E6A3048AE0C0084AB89 /* SimpleBikeComputer.app */;
			productType = "com.apple.product-type.application";
		};
		EA014E763048AE0D0084AB89 /* SimpleBikeComputerTests */ = {
			isa = PBXNativeTarget;
			buildConfigurationList = EA014E8E3048AE0D0084AB89 /* Build configuration list for PBXNativeTarget "SimpleBikeComputerTests" */;
			buildPhases = (
				EA014E733048AE0D0084AB89 /* Sources */,
				EA014E743048AE0D0084AB89 /* Frameworks */,
				EA014E753048AE0D0084AB89 /* Resources */,
			);
			buildRules = (
			);
			dependencies = (
				EA014E793048AE0D0084AB89 /* PBXTargetDependency */,
			);
			fileSystemSynchronizedGroups = (
				EA014E7A3048AE0D0084AB89 /* SimpleBikeComputerTests */,
			);
			name = SimpleBikeComputerTests;
			packageProductDependencies = (
			);
			productName = "Simple Bike ComputerTests";
			productReference = EA014E773048AE0D0084AB89 /* SimpleBikeComputerTests.xctest */;
			productType = "com.apple.product-type.bundle.unit-test";
		};
		EA014E803048AE0D0084AB89 /* SimpleBikeComputerUITests */ = {
			isa = PBXNativeTarget;
			buildConfigurationList = EA014E913048AE0D0084AB89 /* Build configuration list for PBXNativeTarget "SimpleBikeComputerUITests" */;
			buildPhases = (
				EA014E7D3048AE0D0084AB89 /* Sources */,
				EA014E7E3048AE0D0084AB89 /* Frameworks */,
				EA014E7F3048AE0D0084AB89 /* Resources */,
			);
			buildRules = (
			);
			dependencies = (
				EA014E833048AE0D0084AB89 /* PBXTargetDependency */,
			);
			fileSystemSynchronizedGroups = (
				EA014E843048AE0D0084AB89 /* SimpleBikeComputerUITests */,
			);
			name = SimpleBikeComputerUITests;
			packageProductDependencies = (
			);
			productName = "Simple Bike ComputerUITests";
			productReference = EA014E813048AE0D0084AB89 /* SimpleBikeComputerUITests.xctest */;
			productType = "com.apple.product-type.bundle.ui-testing";
		};
/* End PBXNativeTarget section */

/* Begin PBXProject section */
		EA014E623048AE0C0084AB89 /* Project object */ = {
			isa = PBXProject;
			attributes = {
				BuildIndependentTargetsInParallel = 1;
				LastSwiftUpdateCheck = 2650;
				LastUpgradeCheck = 2650;
				TargetAttributes = {
					EA014E693048AE0C0084AB89 = {
						CreatedOnToolsVersion = 26.5;
					};
					EA014E763048AE0D0084AB89 = {
						CreatedOnToolsVersion = 26.5;
						TestTargetID = EA014E693048AE0C0084AB89;
					};
					EA014E803048AE0D0084AB89 = {
						CreatedOnToolsVersion = 26.5;
						TestTargetID = EA014E693048AE0C0084AB89;
					};
				};
			};
			buildConfigurationList = EA014E653048AE0C0084AB89 /* Build configuration list for PBXProject "SimpleBikeComputer" */;
			developmentRegion = en;
			hasScannedForEncodings = 0;
			knownRegions = (
				en,
				Base,
			);
			mainGroup = EA014E613048AE0C0084AB89;
			minimizedProjectReferenceProxies = 1;
			preferredProjectObjectVersion = 77;
			productRefGroup = EA014E6B3048AE0C0084AB89 /* Products */;
			projectDirPath = "";
			projectRoot = "";
			targets = (
				EA014E693048AE0C0084AB89 /* SimpleBikeComputer */,
				EA014E763048AE0D0084AB89 /* SimpleBikeComputerTests */,
				EA014E803048AE0D0084AB89 /* SimpleBikeComputerUITests */,
			);
		};
/* End PBXProject section */

/* Begin PBXResourcesBuildPhase section */
		EA014E683048AE0C0084AB89 /* Resources */ = {
			isa = PBXResourcesBuildPhase;
			buildActionMask = 2147483647;
			files = (
			);
			runOnlyForDeploymentPostprocessing = 0;
		};
		EA014E753048AE0D0084AB89 /* Resources */ = {
			isa = PBXResourcesBuildPhase;
			buildActionMask = 2147483647;
			files = (
			);
			runOnlyForDeploymentPostprocessing = 0;
		};
		EA014E7F3048AE0D0084AB89 /* Resources */ = {
			isa = PBXResourcesBuildPhase;
			buildActionMask = 2147483647;
			files = (
			);
			runOnlyForDeploymentPostprocessing = 0;
		};
/* End PBXResourcesBuildPhase section */

/* Begin PBXSourcesBuildPhase section */
		EA014E663048AE0C0084AB89 /* Sources */ = {
			isa = PBXSourcesBuildPhase;
			buildActionMask = 2147483647;
			files = (
			);
			runOnlyForDeploymentPostprocessing = 0;
		};
		EA014E733048AE0D0084AB89 /* Sources */ = {
			isa = PBXSourcesBuildPhase;
			buildActionMask = 2147483647;
			files = (
			);
			runOnlyForDeploymentPostprocessing = 0;
		};
		EA014E7D3048AE0D0084AB89 /* Sources */ = {
			isa = PBXSourcesBuildPhase;
			buildActionMask = 2147483647;
			files = (
			);
			runOnlyForDeploymentPostprocessing = 0;
		};
/* End PBXSourcesBuildPhase section */

/* Begin PBXTargetDependency section */
		EA014E793048AE0D0084AB89 /* PBXTargetDependency */ = {
			isa = PBXTargetDependency;
			target = EA014E693048AE0C0084AB89 /* SimpleBikeComputer */;
			targetProxy = EA014E783048AE0D0084AB89 /* PBXContainerItemProxy */;
		};
		EA014E833048AE0D0084AB89 /* PBXTargetDependency */ = {
			isa = PBXTargetDependency;
			target = EA014E693048AE0C0084AB89 /* SimpleBikeComputer */;
			targetProxy = EA014E823048AE0D0084AB89 /* PBXContainerItemProxy */;
		};
/* End PBXTargetDependency section */

/* Begin XCBuildConfiguration section */
		EA014E893048AE0D0084AB89 /* Debug */ = {
			isa = XCBuildConfiguration;
			buildSettings = {
				ALWAYS_SEARCH_USER_PATHS = NO;
				ASSETCATALOG_COMPILER_GENERATE_SWIFT_ASSET_SYMBOL_EXTENSIONS = YES;
				CLANG_ANALYZER_NONNULL = YES;
				CLANG_ANALYZER_NUMBER_OBJECT_CONVERSION = YES_AGGRESSIVE;
				CLANG_CXX_LANGUAGE_STANDARD = "gnu++20";
				CLANG_ENABLE_MODULES = YES;
				CLANG_ENABLE_OBJC_ARC = YES;
				CLANG_ENABLE_OBJC_WEAK = YES;
				CLANG_WARN_BLOCK_CAPTURE_AUTORELEASING = YES;
				CLANG_WARN_BOOL_CONVERSION = YES;
				CLANG_WARN_COMMA = YES;
				CLANG_WARN_CONSTANT_CONVERSION = YES;
				CLANG_WARN_DEPRECATED_OBJC_IMPLEMENTATIONS = YES;
				CLANG_WARN_DIRECT_OBJC_ISA_USAGE = YES_ERROR;
				CLANG_WARN_DOCUMENTATION_COMMENTS = YES;
				CLANG_WARN_EMPTY_BODY = YES;
				CLANG_WARN_ENUM_CONVERSION = YES;
				CLANG_WARN_INFINITE_RECURSION = YES;
				CLANG_WARN_INT_CONVERSION = YES;
				CLANG_WARN_NON_LITERAL_NULL_CONVERSION = YES;
				CLANG_WARN_OBJC_IMPLICIT_RETAIN_SELF = YES;
				CLANG_WARN_OBJC_LITERAL_CONVERSION = YES;
				CLANG_WARN_OBJC_ROOT_CLASS = YES_ERROR;
				CLANG_WARN_QUOTED_INCLUDE_IN_FRAMEWORK_HEADER = YES;
				CLANG_WARN_RANGE_LOOP_ANALYSIS = YES;
				CLANG_WARN_STRICT_PROTOTYPES = YES;
				CLANG_WARN_SUSPICIOUS_MOVE = YES;
				CLANG_WARN_UNGUARDED_AVAILABILITY = YES_AGGRESSIVE;
				CLANG_WARN_UNREACHABLE_CODE = YES;
				CLANG_WARN__DUPLICATE_METHOD_MATCH = YES;
				COPY_PHASE_STRIP = NO;
				DEBUG_INFORMATION_FORMAT = dwarf;
				DEVELOPMENT_TEAM = MYMYAX7K65;
				ENABLE_STRICT_OBJC_MSGSEND = YES;
				ENABLE_TESTABILITY = YES;
				ENABLE_USER_SCRIPT_SANDBOXING = YES;
				GCC_C_LANGUAGE_STANDARD = gnu17;
				GCC_DYNAMIC_NO_PIC = NO;
				GCC_NO_COMMON_BLOCKS = YES;
				GCC_OPTIMIZATION_LEVEL = 0;
				GCC_PREPROCESSOR_DEFINITIONS = (
					"DEBUG=1",
					"$(inherited)",
				);
				GCC_WARN_64_TO_32_BIT_CONVERSION = YES;
				GCC_WARN_ABOUT_RETURN_TYPE = YES_ERROR;
				GCC_WARN_UNDECLARED_SELECTOR = YES;
				GCC_WARN_UNINITIALIZED_AUTOS = YES_AGGRESSIVE;
				GCC_WARN_UNUSED_FUNCTION = YES;
				GCC_WARN_UNUSED_VARIABLE = YES;
				IPHONEOS_DEPLOYMENT_TARGET = 26.5;
				LOCALIZATION_PREFERS_STRING_CATALOGS = YES;
				MTL_ENABLE_DEBUG_INFO = INCLUDE_SOURCE;
				MTL_FAST_MATH = YES;
				ONLY_ACTIVE_ARCH = YES;
				SDKROOT = iphoneos;
				SWIFT_ACTIVE_COMPILATION_CONDITIONS = "DEBUG $(inherited)";
				SWIFT_OPTIMIZATION_LEVEL = "-Onone";
			};
			name = Debug;
		};
		EA014E8A3048AE0D0084AB89 /* Release */ = {
			isa = XCBuildConfiguration;
			buildSettings = {
				ALWAYS_SEARCH_USER_PATHS = NO;
				ASSETCATALOG_COMPILER_GENERATE_SWIFT_ASSET_SYMBOL_EXTENSIONS = YES;
				CLANG_ANALYZER_NONNULL = YES;
				CLANG_ANALYZER_NUMBER_OBJECT_CONVERSION = YES_AGGRESSIVE;
				CLANG_CXX_LANGUAGE_STANDARD = "gnu++20";
				CLANG_ENABLE_MODULES = YES;
				CLANG_ENABLE_OBJC_ARC = YES;
				CLANG_ENABLE_OBJC_WEAK = YES;
				CLANG_WARN_BLOCK_CAPTURE_AUTORELEASING = YES;
				CLANG_WARN_BOOL_CONVERSION = YES;
				CLANG_WARN_COMMA = YES;
				CLANG_WARN_CONSTANT_CONVERSION = YES;
				CLANG_WARN_DEPRECATED_OBJC_IMPLEMENTATIONS = YES;
				CLANG_WARN_DIRECT_OBJC_ISA_USAGE = YES_ERROR;
				CLANG_WARN_DOCUMENTATION_COMMENTS = YES;
				CLANG_WARN_EMPTY_BODY = YES;
				CLANG_WARN_ENUM_CONVERSION = YES;
				CLANG_WARN_INFINITE_RECURSION = YES;
				CLANG_WARN_INT_CONVERSION = YES;
				CLANG_WARN_NON_LITERAL_NULL_CONVERSION = YES;
				CLANG_WARN_OBJC_IMPLICIT_RETAIN_SELF = YES;
				CLANG_WARN_OBJC_LITERAL_CONVERSION = YES;
				CLANG_WARN_OBJC_ROOT_CLASS = YES_ERROR;
				CLANG_WARN_QUOTED_INCLUDE_IN_FRAMEWORK_HEADER = YES;
				CLANG_WARN_RANGE_LOOP_ANALYSIS = YES;
				CLANG_WARN_STRICT_PROTOTYPES = YES;
				CLANG_WARN_SUSPICIOUS_MOVE = YES;
				CLANG_WARN_UNGUARDED_AVAILABILITY = YES_AGGRESSIVE;
				CLANG_WARN_UNREACHABLE_CODE = YES;
				CLANG_WARN__DUPLICATE_METHOD_MATCH = YES;
				COPY_PHASE_STRIP = NO;
				DEBUG_INFORMATION_FORMAT = "dwarf-with-dsym";
				DEVELOPMENT_TEAM = MYMYAX7K65;
				ENABLE_NS_ASSERTIONS = NO;
				ENABLE_STRICT_OBJC_MSGSEND = YES;
				ENABLE_USER_SCRIPT_SANDBOXING = YES;
				GCC_C_LANGUAGE_STANDARD = gnu17;
				GCC_NO_COMMON_BLOCKS = YES;
				GCC_WARN_64_TO_32_BIT_CONVERSION = YES;
				GCC_WARN_ABOUT_RETURN_TYPE = YES_ERROR;
				GCC_WARN_UNDECLARED_SELECTOR = YES;
				GCC_WARN_UNINITIALIZED_AUTOS = YES_AGGRESSIVE;
				GCC_WARN_UNUSED_FUNCTION = YES;
				GCC_WARN_UNUSED_VARIABLE = YES;
				IPHONEOS_DEPLOYMENT_TARGET = 26.5;
				LOCALIZATION_PREFERS_STRING_CATALOGS = YES;
				MTL_ENABLE_DEBUG_INFO = NO;
				MTL_FAST_MATH = YES;
				SDKROOT = iphoneos;
				SWIFT_COMPILATION_MODE = wholemodule;
				VALIDATE_PRODUCT = YES;
			};
			name = Release;
		};
		EA014E8C3048AE0D0084AB89 /* Debug */ = {
			isa = XCBuildConfiguration;
			buildSettings = {
				ASSETCATALOG_COMPILER_APPICON_NAME = AppIcon;
				ASSETCATALOG_COMPILER_GLOBAL_ACCENT_COLOR_NAME = AccentColor;
				CODE_SIGN_STYLE = Automatic;
				CURRENT_PROJECT_VERSION = 1;
				DEVELOPMENT_TEAM = MYMYAX7K65;
				ENABLE_PREVIEWS = YES;
				GENERATE_INFOPLIST_FILE = YES;
				INFOPLIST_KEY_UIApplicationSceneManifest_Generation = YES;
				INFOPLIST_KEY_UIApplicationSupportsIndirectInputEvents = YES;
				INFOPLIST_KEY_UILaunchScreen_Generation = YES;
				INFOPLIST_KEY_UISupportedInterfaceOrientations_iPad = "UIInterfaceOrientationPortrait UIInterfaceOrientationPortraitUpsideDown UIInterfaceOrientationLandscapeLeft UIInterfaceOrientationLandscapeRight";
				INFOPLIST_KEY_UISupportedInterfaceOrientations_iPhone = "UIInterfaceOrientationPortrait UIInterfaceOrientationLandscapeLeft UIInterfaceOrientationLandscapeRight";
				LD_RUNPATH_SEARCH_PATHS = (
					"$(inherited)",
					"@executable_path/Frameworks",
				);
				MARKETING_VERSION = 1.0;
				PRODUCT_BUNDLE_IDENTIFIER = "com.tallmansoftware.Simple-Bike-Computer";
				PRODUCT_NAME = "$(TARGET_NAME)";
				STRING_CATALOG_GENERATE_SYMBOLS = YES;
				SWIFT_APPROACHABLE_CONCURRENCY = YES;
				SWIFT_DEFAULT_ACTOR_ISOLATION = MainActor;
				SWIFT_EMIT_LOC_STRINGS = YES;
				SWIFT_UPCOMING_FEATURE_MEMBER_IMPORT_VISIBILITY = YES;
				SWIFT_VERSION = 5.0;
				TARGETED_DEVICE_FAMILY = "1,2";
			};
			name = Debug;
		};
		EA014E8D3048AE0D0084AB89 /* Release */ = {
			isa = XCBuildConfiguration;
			buildSettings = {
				ASSETCATALOG_COMPILER_APPICON_NAME = AppIcon;
				ASSETCATALOG_COMPILER_GLOBAL_ACCENT_COLOR_NAME = AccentColor;
				CODE_SIGN_STYLE = Automatic;
				CURRENT_PROJECT_VERSION = 1;
				DEVELOPMENT_TEAM = MYMYAX7K65;
				ENABLE_PREVIEWS = YES;
				GENERATE_INFOPLIST_FILE = YES;
				INFOPLIST_KEY_UIApplicationSceneManifest_Generation = YES;
				INFOPLIST_KEY_UIApplicationSupportsIndirectInputEvents = YES;
				INFOPLIST_KEY_UILaunchScreen_Generation = YES;
				INFOPLIST_KEY_UISupportedInterfaceOrientations_iPad = "UIInterfaceOrientationPortrait UIInterfaceOrientationPortraitUpsideDown UIInterfaceOrientationLandscapeLeft UIInterfaceOrientationLandscapeRight";
				INFOPLIST_KEY_UISupportedInterfaceOrientations_iPhone = "UIInterfaceOrientationPortrait UIInterfaceOrientationLandscapeLeft UIInterfaceOrientationLandscapeRight";
				LD_RUNPATH_SEARCH_PATHS = (
					"$(inherited)",
					"@executable_path/Frameworks",
				);
				MARKETING_VERSION = 1.0;
				PRODUCT_BUNDLE_IDENTIFIER = "com.tallmansoftware.Simple-Bike-Computer";
				PRODUCT_NAME = "$(TARGET_NAME)";
				STRING_CATALOG_GENERATE_SYMBOLS = YES;
				SWIFT_APPROACHABLE_CONCURRENCY = YES;
				SWIFT_DEFAULT_ACTOR_ISOLATION = MainActor;
				SWIFT_EMIT_LOC_STRINGS = YES;
				SWIFT_UPCOMING_FEATURE_MEMBER_IMPORT_VISIBILITY = YES;
				SWIFT_VERSION = 5.0;
				TARGETED_DEVICE_FAMILY = "1,2";
			};
			name = Release;
		};
		EA014E8F3048AE0D0084AB89 /* Debug */ = {
			isa = XCBuildConfiguration;
			buildSettings = {
				BUNDLE_LOADER = "$(TEST_HOST)";
				CODE_SIGN_STYLE = Automatic;
				CURRENT_PROJECT_VERSION = 1;
				DEVELOPMENT_TEAM = MYMYAX7K65;
				GENERATE_INFOPLIST_FILE = YES;
				IPHONEOS_DEPLOYMENT_TARGET = 26.5;
				MARKETING_VERSION = 1.0;
				PRODUCT_BUNDLE_IDENTIFIER = "com.tallmansoftware.Simple-Bike-ComputerTests";
				PRODUCT_NAME = "$(TARGET_NAME)";
				STRING_CATALOG_GENERATE_SYMBOLS = NO;
				SWIFT_APPROACHABLE_CONCURRENCY = YES;
				SWIFT_EMIT_LOC_STRINGS = NO;
				SWIFT_UPCOMING_FEATURE_MEMBER_IMPORT_VISIBILITY = YES;
				SWIFT_VERSION = 5.0;
				TARGETED_DEVICE_FAMILY = "1,2";
				TEST_HOST = "$(BUILT_PRODUCTS_DIR)/SimpleBikeComputer.app/$(BUNDLE_EXECUTABLE_FOLDER_PATH)/SimpleBikeComputer";
			};
			name = Debug;
		};
		EA014E903048AE0D0084AB89 /* Release */ = {
			isa = XCBuildConfiguration;
			buildSettings = {
				BUNDLE_LOADER = "$(TEST_HOST)";
				CODE_SIGN_STYLE = Automatic;
				CURRENT_PROJECT_VERSION = 1;
				DEVELOPMENT_TEAM = MYMYAX7K65;
				GENERATE_INFOPLIST_FILE = YES;
				IPHONEOS_DEPLOYMENT_TARGET = 26.5;
				MARKETING_VERSION = 1.0;
				PRODUCT_BUNDLE_IDENTIFIER = "com.tallmansoftware.Simple-Bike-ComputerTests";
				PRODUCT_NAME = "$(TARGET_NAME)";
				STRING_CATALOG_GENERATE_SYMBOLS = NO;
				SWIFT_APPROACHABLE_CONCURRENCY = YES;
				SWIFT_EMIT_LOC_STRINGS = NO;
				SWIFT_UPCOMING_FEATURE_MEMBER_IMPORT_VISIBILITY = YES;
				SWIFT_VERSION = 5.0;
				TARGETED_DEVICE_FAMILY = "1,2";
				TEST_HOST = "$(BUILT_PRODUCTS_DIR)/SimpleBikeComputer.app/$(BUNDLE_EXECUTABLE_FOLDER_PATH)/SimpleBikeComputer";
			};
			name = Release;
		};
		EA014E923048AE0D0084AB89 /* Debug */ = {
			isa = XCBuildConfiguration;
			buildSettings = {
				CODE_SIGN_STYLE = Automatic;
				CURRENT_PROJECT_VERSION = 1;
				DEVELOPMENT_TEAM = MYMYAX7K65;
				GENERATE_INFOPLIST_FILE = YES;
				MARKETING_VERSION = 1.0;
				PRODUCT_BUNDLE_IDENTIFIER = "com.tallmansoftware.Simple-Bike-ComputerUITests";
				PRODUCT_NAME = "$(TARGET_NAME)";
				STRING_CATALOG_GENERATE_SYMBOLS = NO;
				SWIFT_APPROACHABLE_CONCURRENCY = YES;
				SWIFT_EMIT_LOC_STRINGS = NO;
				SWIFT_UPCOMING_FEATURE_MEMBER_IMPORT_VISIBILITY = YES;
				SWIFT_VERSION = 5.0;
				TARGETED_DEVICE_FAMILY = "1,2";
				TEST_TARGET_NAME = "Simple Bike Computer";
			};
			name = Debug;
		};
		EA014E933048AE0D0084AB89 /* Release */ = {
			isa = XCBuildConfiguration;
			buildSettings = {
				CODE_SIGN_STYLE = Automatic;
				CURRENT_PROJECT_VERSION = 1;
				DEVELOPMENT_TEAM = MYMYAX7K65;
				GENERATE_INFOPLIST_FILE = YES;
				MARKETING_VERSION = 1.0;
				PRODUCT_BUNDLE_IDENTIFIER = "com.tallmansoftware.Simple-Bike-ComputerUITests";
				PRODUCT_NAME = "$(TARGET_NAME)";
				STRING_CATALOG_GENERATE_SYMBOLS = NO;
				SWIFT_APPROACHABLE_CONCURRENCY = YES;
				SWIFT_EMIT_LOC_STRINGS = NO;
				SWIFT_UPCOMING_FEATURE_MEMBER_IMPORT_VISIBILITY = YES;
				SWIFT_VERSION = 5.0;
				TARGETED_DEVICE_FAMILY = "1,2";
				TEST_TARGET_NAME = "Simple Bike Computer";
			};
			name = Release;
		};
/* End XCBuildConfiguration section */

/* Begin XCConfigurationList section */
		EA014E653048AE0C0084AB89 /* Build configuration list for PBXProject "SimpleBikeComputer" */ = {
			isa = XCConfigurationList;
			buildConfigurations = (
				EA014E893048AE0D0084AB89 /* Debug */,
				EA014E8A3048AE0D0084AB89 /* Release */,
			);
			defaultConfigurationIsVisible = 0;
			defaultConfigurationName = Release;
		};
		EA014E8B3048AE0D0084AB89 /* Build configuration list for PBXNativeTarget "SimpleBikeComputer" */ = {
			isa = XCConfigurationList;
			buildConfigurations = (
				EA014E8C3048AE0D0084AB89 /* Debug */,
				EA014E8D3048AE0D0084AB89 /* Release */,
			);
			defaultConfigurationIsVisible = 0;
			defaultConfigurationName = Release;
		};
		EA014E8E3048AE0D0084AB89 /* Build configuration list for PBXNativeTarget "SimpleBikeComputerTests" */ = {
			isa = XCConfigurationList;
			buildConfigurations = (
				EA014E8F3048AE0D0084AB89 /* Debug */,
				EA014E903048AE0D0084AB89 /* Release */,
			);
			defaultConfigurationIsVisible = 0;
			defaultConfigurationName = Release;
		};
		EA014E913048AE0D0084AB89 /* Build configuration list for PBXNativeTarget "SimpleBikeComputerUITests" */ = {
			isa = XCConfigurationList;
			buildConfigurations = (
				EA014E923048AE0D0084AB89 /* Debug */,
				EA014E933048AE0D0084AB89 /* Release */,
			);
			defaultConfigurationIsVisible = 0;
			defaultConfigurationName = Release;
		};
/* End XCConfigurationList section */

/* Begin XCSwiftPackageProductDependency section */
		EA77B0CF3048D18200404565 /* DependencyContainer */ = {
			isa = XCSwiftPackageProductDependency;
			productName = DependencyContainer;
		};
		EA88C1E04159E29311515677 /* LayoutsUI */ = {
			isa = XCSwiftPackageProductDependency;
			productName = LayoutsUI;
		};
/* End XCSwiftPackageProductDependency section */
	};
	rootObject = EA014E623048AE0C0084AB89 /* Project object */;
}
